
Microsoft Visual Studio Solution File, Format Version 11.00
# Visual Studio 2010
Project("{FAE04EC0-301F-11D3-BF4B-00C04F79EFBC}") = "Restart", "Assembly-CSharp.csproj", "{2369D1E0-0A4B-A22A-C3A9-41CA0986CA9D}"
EndProject
Project("{FAE04EC0-301F-11D3-BF4B-00C04F79EFBC}") = "Restart", "Assembly-CSharp-firstpass.csproj", "{AD54D00F-2AC3-8308-440E-93AABC8C2A28}"
EndProject
Project("{FAE04EC0-301F-11D3-BF4B-00C04F79EFBC}") = "Restart", "Assembly-CSharp-Editor-firstpass.csproj", "{618AF117-431B-D828-EF8F-F7AF0A4BE3A7}"
EndProject
Project("{FAE04EC0-301F-11D3-BF4B-00C04F79EFBC}") = "Restart", "Assembly-CSharp-Editor.csproj", "{43F43F1A-BFDC-41A2-49F5-84781A427E71}"
EndProject
Global
	GlobalSection(SolutionConfigurationPlatforms) = preSolution
		Debug|Any CPU = Debug|Any CPU
		Release|Any CPU = Release|Any CPU
	EndGlobalSection
	GlobalSection(ProjectConfigurationPlatforms) = postSolution
		{2369D1E0-0A4B-A22A-C3A9-41CA0986CA9D}.Debug|Any CPU.ActiveCfg = Debug|Any CPU
		{2369D1E0-0A4B-A22A-C3A9-41CA0986CA9D}.Debug|Any CPU.Build.0 = Debug|Any CPU
		{2369D1E0-0A4B-A22A-C3A9-41CA0986CA9D}.Release|Any CPU.ActiveCfg = Release|Any CPU
		{2369D1E0-0A4B-A22A-C3A9-41CA0986CA9D}.Release|Any CPU.Build.0 = Release|Any CPU
		{AD54D00F-2AC3-8308-440E-93AABC8C2A28}.Debug|Any CPU.ActiveCfg = Debug|Any CPU
		{AD54D00F-2AC3-8308-440E-93AABC8C2A28}.Debug|Any CPU.Build.0 = Debug|Any CPU
		{AD54D00F-2AC3-8308-440E-93AABC8C2A28}.Release|Any CPU.ActiveCfg = Release|Any CPU
		{AD54D00F-2AC3-8308-440E-93AABC8C2A28}.Release|Any CPU.Build.0 = Release|Any CPU
		{618AF117-431B-D828-EF8F-F7AF0A4BE3A7}.Debug|Any CPU.ActiveCfg = Debug|Any CPU
		{618AF117-431B-D828-EF8F-F7AF0A4BE3A7}.Debug|Any CPU.Build.0 = Debug|Any CPU
		{618AF117-431B-D828-EF8F-F7AF0A4BE3A7}.Release|Any CPU.ActiveCfg = Release|Any CPU
		{618AF117-431B-D828-EF8F-F7AF0A4BE3A7}.Release|Any CPU.Build.0 = Release|Any CPU
		{43F43F1A-BFDC-41A2-49F5-84781A427E71}.Debug|Any CPU.ActiveCfg = Debug|Any CPU
		{43F43F1A-BFDC-41A2-49F5-84781A427E71}.Debug|Any CPU.Build.0 = Debug|Any CPU
		{43F43F1A-BFDC-41A2-49F5-84781A427E71}.Release|Any CPU.ActiveCfg = Release|Any CPU
		{43F43F1A-BFDC-41A2-49F5-84781A427E71}.Release|Any CPU.Build.0 = Release|Any CPU
	EndGlobalSection
	GlobalSection(SolutionProperties) = preSolution
		HideSolutionNode = FALSE
	EndGlobalSection
	GlobalSection(MonoDevelopProperties) = preSolution
		StartupItem = Assembly-CSharp.csproj
	EndGlobalSection
EndGlobal
